{
  "nodes": {
    "nixpkgs": {
      "locked": {
        "lastModified": 1787631388,
        "narHash": "sha256-vMiXptXarfSdJb1Gkc+FYVOAibuBRj7qxGa8z68q1Uw=",
        "owner": "NixOS",
        "repo": "nixpkgs",
        "rev": "ac6b2166e7a9375683b8e98f860f273222337b16",
        "type": "github"
      },
      "original": {
        "owner": "NixOS",
        "ref": "nixpkgs-unstable",
        "repo": "nixpkgs",
        "type": "github"
      }
    },
    "root": {
      "inputs": {
        "nixpkgs": "nixpkgs",
        "systems": "systems"
      }
    },
    "systems": {
      "locked": {
        "lastModified": 1776166891,
        "narHash": "sha256-bI8yrEGjrohR5hkQox7UrxDH7XqrYMwI8SL/LrJ1+S8=",
        "owner": "nix-systems",
        "repo": "triplet",
        "rev": "6de7bc09397911ce03636afbcf6118745ab2cda0",
        "type": "github"
      },
      "original": {
        "owner": "nix-systems",
        "repo": "triplet",
        "type": "github"
      }
    }
  },
  "root": "root",
  "version": 7
}
